Microsoft Visual Studio Solution File, Format Version 12.00
# Visual Studio Version 17
VisualStudioVersion = 17.5.2.0
MinimumVisualStudioVersion = 10.0.40219.1
Project("{FAE04EC0-301F-11D3-BF4B-00C04F79EFBC}") = "LineUpGame", "LineUpGame\LineUpGame.csproj", "{253CB38F-8423-67E5-EE5C-823D26898F28}"
EndProject
Global
	GlobalSection(SolutionConfigurationPlatforms) = preSolution
		Debug|Any CPU = Debug|Any CPU
		Release|Any CPU = Release|Any CPU
	EndGlobalSection
	GlobalSection(ProjectConfigurationPlatforms) = postSolution
		{253CB38F-8423-67E5-EE5C-823D26898F28}.Debug|Any CPU.ActiveCfg = Debug|Any CPU
		{253CB38F-8423-67E5-EE5C-823D26898F28}.Debug|Any CPU.Build.0 = Debug|Any CPU
		{253CB38F-8423-67E5-EE5C-823D26898F28}.Release|Any CPU.ActiveCfg = Release|Any CPU
		{253CB38F-8423-67E5-EE5C-823D26898F28}.Release|Any CPU.Build.0 = Release|Any CPU
	EndGlobalSection
	GlobalSection(SolutionProperties) = preSolution
		HideSolutionNode = FALSE
	EndGlobalSection
	GlobalSection(ExtensibilityGlobals) = postSolution
		SolutionGuid = {DAD58FA7-A22C-428B-A36C-F445C742374D}
	EndGlobalSection
EndGlobal
